
Microsoft Visual Studio Solution File, Format Version 12.00
# Visual Studio 15
VisualStudioVersion = 15.0.28307.1231
MinimumVisualStudioVersion = 10.0.40219.1
Project("{8BC9CEB8-8B4A-11D0-8D11-00A0C91BC942}") = "chapter6", "chapter6.vcxproj", "{DB896A4F-01B1-428B-84DA-0A5D5253D1FB}"
EndProject
Global
	GlobalSection(SolutionConfigurationPlatforms) = preSolution
		Debug|x64 = Debug|x64
		Debug|x86 = Debug|x86
		Release|x64 = Release|x64
		Release|x86 = Release|x86
	EndGlobalSection
	GlobalSection(ProjectConfigurationPlatforms) = postSolution
		{DB896A4F-01B1-428B-84DA-0A5D5253D1FB}.Debug|x64.ActiveCfg = Debug|x64
		{DB896A4F-01B1-428B-84DA-0A5D5253D1FB}.Debug|x64.Build.0 = Debug|x64
		{DB896A4F-01B1-428B-84DA-0A5D5253D1FB}.Debug|x86.ActiveCfg = Debug|Win32
		{DB896A4F-01B1-428B-84DA-0A5D5253D1FB}.Debug|x86.Build.0 = Debug|Win32
		{DB896A4F-01B1-428B-84DA-0A5D5253D1FB}.Release|x64.ActiveCfg = Release|x64
		{DB896A4F-01B1-428B-84DA-0A5D5253D1FB}.Release|x64.Build.0 = Release|x64
		{DB896A4F-01B1-428B-84DA-0A5D5253D1FB}.Release|x86.ActiveCfg = Release|Win32
		{DB896A4F-01B1-428B-84DA-0A5D5253D1FB}.Release|x86.Build.0 = Release|Win32
	EndGlobalSection
	GlobalSection(SolutionProperties) = preSolution
		HideSolutionNode = FALSE
	EndGlobalSection
	GlobalSection(ExtensibilityGlobals) = postSolution
		SolutionGuid = {8A6016C9-A10E-4F63-82CE-AD27F44DE991}
	EndGlobalSection
EndGlobal
