
Microsoft Visual Studio Solution File, Format Version 12.00
# Visual Studio 15
VisualStudioVersion = 15.0.28307.1231
MinimumVisualStudioVersion = 10.0.40219.1
Project("{8BC9CEB8-8B4A-11D0-8D11-00A0C91BC942}") = "Box", "Box\Box.vcxproj", "{8C334EAD-F671-40FD-BE19-F4621D78F7F1}"
EndProject
Project("{8BC9CEB8-8B4A-11D0-8D11-00A0C91BC942}") = "Exercises2", "Exercises2\Exercises2.vcxproj", "{D97ACFAA-CB2E-4352-B022-E8FD8EEC8BE7}"
EndProject
Project("{8BC9CEB8-8B4A-11D0-8D11-00A0C91BC942}") = "Exercises3", "Exercises3\Exercises3.vcxproj", "{8BE65D14-EDE1-460C-9A56-1DE712C5291B}"
EndProject
Global
	GlobalSection(SolutionConfigurationPlatforms) = preSolution
		Debug|x64 = Debug|x64
		Debug|x86 = Debug|x86
		Release|x64 = Release|x64
		Release|x86 = Release|x86
	EndGlobalSection
	GlobalSection(ProjectConfigurationPlatforms) = postSolution
		{8C334EAD-F671-40FD-BE19-F4621D78F7F1}.Debug|x64.ActiveCfg = Debug|x64
		{8C334EAD-F671-40FD-BE19-F4621D78F7F1}.Debug|x64.Build.0 = Debug|x64
		{8C334EAD-F671-40FD-BE19-F4621D78F7F1}.Debug|x86.ActiveCfg = Debug|Win32
		{8C334EAD-F671-40FD-BE19-F4621D78F7F1}.Debug|x86.Build.0 = Debug|Win32
		{8C334EAD-F671-40FD-BE19-F4621D78F7F1}.Release|x64.ActiveCfg = Release|x64
		{8C334EAD-F671-40FD-BE19-F4621D78F7F1}.Release|x64.Build.0 = Release|x64
		{8C334EAD-F671-40FD-BE19-F4621D78F7F1}.Release|x86.ActiveCfg = Release|Win32
		{8C334EAD-F671-40FD-BE19-F4621D78F7F1}.Release|x86.Build.0 = Release|Win32
		{D97ACFAA-CB2E-4352-B022-E8FD8EEC8BE7}.Debug|x64.ActiveCfg = Debug|x64
		{D97ACFAA-CB2E-4352-B022-E8FD8EEC8BE7}.Debug|x64.Build.0 = Debug|x64
		{D97ACFAA-CB2E-4352-B022-E8FD8EEC8BE7}.Debug|x86.ActiveCfg = Debug|Win32
		{D97ACFAA-CB2E-4352-B022-E8FD8EEC8BE7}.Debug|x86.Build.0 = Debug|Win32
		{D97ACFAA-CB2E-4352-B022-E8FD8EEC8BE7}.Release|x64.ActiveCfg = Release|x64
		{D97ACFAA-CB2E-4352-B022-E8FD8EEC8BE7}.Release|x64.Build.0 = Release|x64
		{D97ACFAA-CB2E-4352-B022-E8FD8EEC8BE7}.Release|x86.ActiveCfg = Release|Win32
		{D97ACFAA-CB2E-4352-B022-E8FD8EEC8BE7}.Release|x86.Build.0 = Release|Win32
		{8BE65D14-EDE1-460C-9A56-1DE712C5291B}.Debug|x64.ActiveCfg = Debug|x64
		{8BE65D14-EDE1-460C-9A56-1DE712C5291B}.Debug|x64.Build.0 = Debug|x64
		{8BE65D14-EDE1-460C-9A56-1DE712C5291B}.Debug|x86.ActiveCfg = Debug|Win32
		{8BE65D14-EDE1-460C-9A56-1DE712C5291B}.Debug|x86.Build.0 = Debug|Win32
		{8BE65D14-EDE1-460C-9A56-1DE712C5291B}.Release|x64.ActiveCfg = Release|x64
		{8BE65D14-EDE1-460C-9A56-1DE712C5291B}.Release|x64.Build.0 = Release|x64
		{8BE65D14-EDE1-460C-9A56-1DE712C5291B}.Release|x86.ActiveCfg = Release|Win32
		{8BE65D14-EDE1-460C-9A56-1DE712C5291B}.Release|x86.Build.0 = Release|Win32
	EndGlobalSection
	GlobalSection(SolutionProperties) = preSolution
		HideSolutionNode = FALSE
	EndGlobalSection
	GlobalSection(ExtensibilityGlobals) = postSolution
		SolutionGuid = {864DAD12-8CB3-43DE-BC55-6463101CD86B}
	EndGlobalSection
EndGlobal
